
Microsoft Visual Studio Solution File, Format Version 12.00
# Visual Studio 15
VisualStudioVersion = 15.0.27130.2027
MinimumVisualStudioVersion = 10.0.40219.1
Project("{A07B5EB6-E848-4116-A8D0-A826331D98C6}") = "FG.SF.Issue4Reproduction", "FG.SF.Issue4Reproduction\FG.SF.Issue4Reproduction.sfproj", "{6B05BCF5-E362-4765-862A-0BE468FB518D}"
EndProject
Project("{9A19103F-16F7-4668-BE54-9A1E7A4F7556}") = "API", "API\API.csproj", "{FBB83F33-AED6-466A-A984-1453F3D5B4BD}"
EndProject
Project("{FAE04EC0-301F-11D3-BF4B-00C04F79EFBC}") = "ActorService1", "ActorService1\ActorService1.csproj", "{907EDF55-5F56-4B02-BE02-21E992F9CD00}"
EndProject
Project("{FAE04EC0-301F-11D3-BF4B-00C04F79EFBC}") = "ActorService1.Interfaces", "ActorService1.Interfaces\ActorService1.Interfaces.csproj", "{2361F67B-EE06-4ACF-9725-6F8EEFCC3181}"
EndProject
Project("{FAE04EC0-301F-11D3-BF4B-00C04F79EFBC}") = "StatelessService1", "StatelessService1\StatelessService1.csproj", "{94365D82-7C13-4CB1-A6D7-573438C41868}"
EndProject
Project("{FAE04EC0-301F-11D3-BF4B-00C04F79EFBC}") = "FG.ServiceFabric.Services.RemotingV2", "FG.ServiceFabric.Services.RemotingV2\FG.ServiceFabric.Services.RemotingV2.csproj", "{6B501A68-3BD2-44B0-B81C-7963F8DECF97}"
EndProject
Project("{FAE04EC0-301F-11D3-BF4B-00C04F79EFBC}") = "StatelessService1.Interfaces", "StatelessService1.Interfaces\StatelessService1.Interfaces.csproj", "{CEA475EE-05D7-4A0B-AEA2-176D4AC03AEB}"
EndProject
Project("{FAE04EC0-301F-11D3-BF4B-00C04F79EFBC}") = "FG.CallContext", "FG.CallContext\FG.CallContext.csproj", "{E378B9E6-3219-46D5-BC21-FD557DB317B2}"
EndProject
Global
	GlobalSection(SolutionConfigurationPlatforms) = preSolution
		Debug|Any CPU = Debug|Any CPU
		Debug|x64 = Debug|x64
		Release|Any CPU = Release|Any CPU
		Release|x64 = Release|x64
	EndGlobalSection
	GlobalSection(ProjectConfigurationPlatforms) = postSolution
		{6B05BCF5-E362-4765-862A-0BE468FB518D}.Debug|Any CPU.ActiveCfg = Debug|x64
		{6B05BCF5-E362-4765-862A-0BE468FB518D}.Debug|x64.ActiveCfg = Debug|x64
		{6B05BCF5-E362-4765-862A-0BE468FB518D}.Debug|x64.Build.0 = Debug|x64
		{6B05BCF5-E362-4765-862A-0BE468FB518D}.Debug|x64.Deploy.0 = Debug|x64
		{6B05BCF5-E362-4765-862A-0BE468FB518D}.Release|Any CPU.ActiveCfg = Release|x64
		{6B05BCF5-E362-4765-862A-0BE468FB518D}.Release|x64.ActiveCfg = Release|x64
		{6B05BCF5-E362-4765-862A-0BE468FB518D}.Release|x64.Build.0 = Release|x64
		{6B05BCF5-E362-4765-862A-0BE468FB518D}.Release|x64.Deploy.0 = Release|x64
		{FBB83F33-AED6-466A-A984-1453F3D5B4BD}.Debug|Any CPU.ActiveCfg = Debug|Any CPU
		{FBB83F33-AED6-466A-A984-1453F3D5B4BD}.Debug|Any CPU.Build.0 = Debug|Any CPU
		{FBB83F33-AED6-466A-A984-1453F3D5B4BD}.Debug|x64.ActiveCfg = Debug|Any CPU
		{FBB83F33-AED6-466A-A984-1453F3D5B4BD}.Debug|x64.Build.0 = Debug|Any CPU
		{FBB83F33-AED6-466A-A984-1453F3D5B4BD}.Release|Any CPU.ActiveCfg = Release|Any CPU
		{FBB83F33-AED6-466A-A984-1453F3D5B4BD}.Release|Any CPU.Build.0 = Release|Any CPU
		{FBB83F33-AED6-466A-A984-1453F3D5B4BD}.Release|x64.ActiveCfg = Release|Any CPU
		{FBB83F33-AED6-466A-A984-1453F3D5B4BD}.Release|x64.Build.0 = Release|Any CPU
		{907EDF55-5F56-4B02-BE02-21E992F9CD00}.Debug|Any CPU.ActiveCfg = Debug|x64
		{907EDF55-5F56-4B02-BE02-21E992F9CD00}.Debug|x64.ActiveCfg = Debug|x64
		{907EDF55-5F56-4B02-BE02-21E992F9CD00}.Debug|x64.Build.0 = Debug|x64
		{907EDF55-5F56-4B02-BE02-21E992F9CD00}.Release|Any CPU.ActiveCfg = Release|x64
		{907EDF55-5F56-4B02-BE02-21E992F9CD00}.Release|x64.ActiveCfg = Release|x64
		{907EDF55-5F56-4B02-BE02-21E992F9CD00}.Release|x64.Build.0 = Release|x64
		{2361F67B-EE06-4ACF-9725-6F8EEFCC3181}.Debug|Any CPU.ActiveCfg = Debug|x64
		{2361F67B-EE06-4ACF-9725-6F8EEFCC3181}.Debug|x64.ActiveCfg = Debug|x64
		{2361F67B-EE06-4ACF-9725-6F8EEFCC3181}.Debug|x64.Build.0 = Debug|x64
		{2361F67B-EE06-4ACF-9725-6F8EEFCC3181}.Release|Any CPU.ActiveCfg = Release|x64
		{2361F67B-EE06-4ACF-9725-6F8EEFCC3181}.Release|x64.ActiveCfg = Release|x64
		{2361F67B-EE06-4ACF-9725-6F8EEFCC3181}.Release|x64.Build.0 = Release|x64
		{94365D82-7C13-4CB1-A6D7-573438C41868}.Debug|Any CPU.ActiveCfg = Debug|x64
		{94365D82-7C13-4CB1-A6D7-573438C41868}.Debug|x64.ActiveCfg = Debug|x64
		{94365D82-7C13-4CB1-A6D7-573438C41868}.Debug|x64.Build.0 = Debug|x64
		{94365D82-7C13-4CB1-A6D7-573438C41868}.Release|Any CPU.ActiveCfg = Release|x64
		{94365D82-7C13-4CB1-A6D7-573438C41868}.Release|x64.ActiveCfg = Release|x64
		{94365D82-7C13-4CB1-A6D7-573438C41868}.Release|x64.Build.0 = Release|x64
		{6B501A68-3BD2-44B0-B81C-7963F8DECF97}.Debug|Any CPU.ActiveCfg = Debug|Any CPU
		{6B501A68-3BD2-44B0-B81C-7963F8DECF97}.Debug|Any CPU.Build.0 = Debug|Any CPU
		{6B501A68-3BD2-44B0-B81C-7963F8DECF97}.Debug|x64.ActiveCfg = Debug|Any CPU
		{6B501A68-3BD2-44B0-B81C-7963F8DECF97}.Debug|x64.Build.0 = Debug|Any CPU
		{6B501A68-3BD2-44B0-B81C-7963F8DECF97}.Release|Any CPU.ActiveCfg = Release|Any CPU
		{6B501A68-3BD2-44B0-B81C-7963F8DECF97}.Release|Any CPU.Build.0 = Release|Any CPU
		{6B501A68-3BD2-44B0-B81C-7963F8DECF97}.Release|x64.ActiveCfg = Release|Any CPU
		{6B501A68-3BD2-44B0-B81C-7963F8DECF97}.Release|x64.Build.0 = Release|Any CPU
		{CEA475EE-05D7-4A0B-AEA2-176D4AC03AEB}.Debug|Any CPU.ActiveCfg = Debug|Any CPU
		{CEA475EE-05D7-4A0B-AEA2-176D4AC03AEB}.Debug|Any CPU.Build.0 = Debug|Any CPU
		{CEA475EE-05D7-4A0B-AEA2-176D4AC03AEB}.Debug|x64.ActiveCfg = Debug|Any CPU
		{CEA475EE-05D7-4A0B-AEA2-176D4AC03AEB}.Debug|x64.Build.0 = Debug|Any CPU
		{CEA475EE-05D7-4A0B-AEA2-176D4AC03AEB}.Release|Any CPU.ActiveCfg = Release|Any CPU
		{CEA475EE-05D7-4A0B-AEA2-176D4AC03AEB}.Release|Any CPU.Build.0 = Release|Any CPU
		{CEA475EE-05D7-4A0B-AEA2-176D4AC03AEB}.Release|x64.ActiveCfg = Release|Any CPU
		{CEA475EE-05D7-4A0B-AEA2-176D4AC03AEB}.Release|x64.Build.0 = Release|Any CPU
		{E378B9E6-3219-46D5-BC21-FD557DB317B2}.Debug|Any CPU.ActiveCfg = Debug|Any CPU
		{E378B9E6-3219-46D5-BC21-FD557DB317B2}.Debug|Any CPU.Build.0 = Debug|Any CPU
		{E378B9E6-3219-46D5-BC21-FD557DB317B2}.Debug|x64.ActiveCfg = Debug|Any CPU
		{E378B9E6-3219-46D5-BC21-FD557DB317B2}.Debug|x64.Build.0 = Debug|Any CPU
		{E378B9E6-3219-46D5-BC21-FD557DB317B2}.Release|Any CPU.ActiveCfg = Release|Any CPU
		{E378B9E6-3219-46D5-BC21-FD557DB317B2}.Release|Any CPU.Build.0 = Release|Any CPU
		{E378B9E6-3219-46D5-BC21-FD557DB317B2}.Release|x64.ActiveCfg = Release|Any CPU
		{E378B9E6-3219-46D5-BC21-FD557DB317B2}.Release|x64.Build.0 = Release|Any CPU
	EndGlobalSection
	GlobalSection(SolutionProperties) = preSolution
		HideSolutionNode = FALSE
	EndGlobalSection
	GlobalSection(ExtensibilityGlobals) = postSolution
		SolutionGuid = {1D9C1136-D2B5-4BB4-883E-17523B5D4BC4}
	EndGlobalSection
EndGlobal
